
Microsoft Visual Studio Solution File, Format Version 12.00
# Visual Studio Version 16
VisualStudioVersion = 16.0.30320.27
MinimumVisualStudioVersion = 10.0.40219.1
Project("{FAE04EC0-301F-11D3-BF4B-00C04F79EFBC}") = "innovation101", "innovation101.csproj", "{2B462385-9470-45D7-9705-E9388889B52E}"
EndProject
Global
	GlobalSection(SolutionConfigurationPlatforms) = preSolution
		Debug|Any CPU = Debug|Any CPU
		Release|Any CPU = Release|Any CPU
	EndGlobalSection
	GlobalSection(ProjectConfigurationPlatforms) = postSolution
		{2B462385-9470-45D7-9705-E9388889B52E}.Debug|Any CPU.ActiveCfg = Debug|Any CPU
		{2B462385-9470-45D7-9705-E9388889B52E}.Debug|Any CPU.Build.0 = Debug|Any CPU
		{2B462385-9470-45D7-9705-E9388889B52E}.Release|Any CPU.ActiveCfg = Release|Any CPU
		{2B462385-9470-45D7-9705-E9388889B52E}.Release|Any CPU.Build.0 = Release|Any CPU
	EndGlobalSection
	GlobalSection(SolutionProperties) = preSolution
		HideSolutionNode = FALSE
	EndGlobalSection
	GlobalSection(ExtensibilityGlobals) = postSolution
		SolutionGuid = {138C05E3-3A06-4FB0-B406-A65F3D9863CD}
	EndGlobalSection
EndGlobal
